// !$*UTF8*$!
{
	archiveVersion = 1;
	classes = {
	};
	objectVersion = 55;
	objects = {

/* Begin PBXBuildFile section */
		A148039C28C8AF2200FF9A76 /* AppDelegate.swift in Sources */ = {isa = PBXBuildFile; fileRef = A148039B28C8AF2200FF9A76 /* AppDelegate.swift */; };
		A148039E28C8AF2200FF9A76 /* SceneDelegate.swift in Sources */ = {isa = PBXBuildFile; fileRef = A148039D28C8AF2200FF9A76 /* SceneDelegate.swift */; };
		A14803A528C8AF2B00FF9A76 /* Assets.xcassets in Resources */ = {isa = PBXBuildFile; fileRef = A14803A428C8AF2B00FF9A76 /* Assets.xcassets */; };
		A14803A828C8AF2B00FF9A76 /* LaunchScreen.storyboard in Resources */ = {isa = PBXBuildFile; fileRef = A14803A628C8AF2B00FF9A76 /* LaunchScreen.storyboard */; };
		A14803B328C8B0B200FF9A76 /* LoginViewController.swift in Sources */ = {isa = PBXBuildFile; fileRef = A14803B228C8B0B200FF9A76 /* LoginViewController.swift */; };
		A14803B628C8BAD100FF9A76 /* InitialViewController.swift in Sources */ = {isa = PBXBuildFile; fileRef = A14803B528C8BAD100FF9A76 /* InitialViewController.swift */; };
		A14803BA28C8BB7300FF9A76 /* Initial.storyboard in Resources */ = {isa = PBXBuildFile; fileRef = A14803B928C8BB7300FF9A76 /* Initial.storyboard */; };
		A14803BC28C8BC9200FF9A76 /* Login.storyboard in Resources */ = {isa = PBXBuildFile; fileRef = A14803BB28C8BC9200FF9A76 /* Login.storyboard */; };
		A14803C028C8C7D100FF9A76 /* UiViewExtention.swift in Sources */ = {isa = PBXBuildFile; fileRef = A14803BF28C8C7D100FF9A76 /* UiViewExtention.swift */; };
		A14803C228C8C8E100FF9A76 /* UIViewControllerExtention.swift in Sources */ = {isa = PBXBuildFile; fileRef = A14803C128C8C8E100FF9A76 /* UIViewControllerExtention.swift */; };
		A14803C528C8CF9900FF9A76 /* SignUpViewController.swift in Sources */ = {isa = PBXBuildFile; fileRef = A14803C428C8CF9900FF9A76 /* SignUpViewController.swift */; };
		A14803C728C8CFA400FF9A76 /* SignUp.storyboard in Resources */ = {isa = PBXBuildFile; fileRef = A14803C628C8CFA400FF9A76 /* SignUp.storyboard */; };
		A14803C928C9372C00FF9A76 /* GoogleService-Info.plist in Resources */ = {isa = PBXBuildFile; fileRef = A14803C828C9372C00FF9A76 /* GoogleService-Info.plist */; };
		A190E04928CA5D050023D115 /* LoginPresenter.swift in Sources */ = {isa = PBXBuildFile; fileRef = A190E04828CA5D050023D115 /* LoginPresenter.swift */; };
		A190E04C28CA6ADC0023D115 /* Home.storyboard in Resources */ = {isa = PBXBuildFile; fileRef = A190E04B28CA6ADC0023D115 /* Home.storyboard */; };
		EEDE7FB226504F7F19A54657 /* Pods_SkyTalk.framework in Frameworks */ = {isa = PBXBuildFile; fileRef = 5CBB20BC0CAB89088897E74E /* Pods_SkyTalk.framework */; };
/* End PBXBuildFile section */

/* Begin PBXFileReference section */
		21F14B2F2916ABF614F666E0 /* Pods-SkyTalk.release.xcconfig */ = {isa = PBXFileReference; includeInIndex = 1; lastKnownFileType = text.xcconfig; name = "Pods-SkyTalk.release.xcconfig"; path = "Target Support Files/Pods-SkyTalk/Pods-SkyTalk.release.xcconfig"; sourceTree = "<group>"; };
		5CBB20BC0CAB89088897E74E /* Pods_SkyTalk.framework */ = {isa = PBXFileReference; explicitFileType = wrapper.framework; includeInIndex = 0; path = Pods_SkyTalk.framework; sourceTree = BUILT_PRODUCTS_DIR; };
		A148039828C8AF2200FF9A76 /* SkyTalk.app */ = {isa = PBXFileReference; explicitFileType = wrapper.application; includeInIndex = 0; path = SkyTalk.app; sourceTree = BUILT_PRODUCTS_DIR; };
		A148039B28C8AF2200FF9A76 /* AppDelegate.swift */ = {isa = PBXFileReference; lastKnownFileType = sourcecode.swift; path = AppDelegate.swift; sourceTree = "<group>"; };
		A148039D28C8AF2200FF9A76 /* SceneDelegate.swift */ = {isa = PBXFileReference; lastKnownFileType = sourcecode.swift; path = SceneDelegate.swift; sourceTree = "<group>"; };
		A14803A428C8AF2B00FF9A76 /* Assets.xcassets */ = {isa = PBXFileReference; lastKnownFileType = folder.assetcatalog; path = Assets.xcassets; sourceTree = "<group>"; };
		A14803A728C8AF2B00FF9A76 /* Base */ = {isa = PBXFileReference; lastKnownFileType = file.storyboard; name = Base; path = Base.lproj/LaunchScreen.storyboard; sourceTree = "<group>"; };
		A14803A928C8AF2B00FF9A76 /* Info.plist */ = {isa = PBXFileReference; lastKnownFileType = text.plist.xml; path = Info.plist; sourceTree = "<group>"; };
		A14803B228C8B0B200FF9A76 /* LoginViewController.swift */ = {isa = PBXFileReference; lastKnownFileType = sourcecode.swift; path = LoginViewController.swift; sourceTree = "<group>"; };
		A14803B528C8BAD100FF9A76 /* InitialViewController.swift */ = {isa = PBXFileReference; lastKnownFileType = sourcecode.swift; path = InitialViewController.swift; sourceTree = "<group>"; };
		A14803B928C8BB7300FF9A76 /* Initial.storyboard */ = {isa = PBXFileReference; lastKnownFileType = file.storyboard; path = Initial.storyboard; sourceTree = "<group>"; };
		A14803BB28C8BC9200FF9A76 /* Login.storyboard */ = {isa = PBXFileReference; lastKnownFileType = file.storyboard; path = Login.storyboard; sourceTree = "<group>"; };
		A14803BF28C8C7D100FF9A76 /* UiViewExtention.swift */ = {isa = PBXFileReference; lastKnownFileType = sourcecode.swift; path = UiViewExtention.swift; sourceTree = "<group>"; };
		A14803C128C8C8E100FF9A76 /* UIViewControllerExtention.swift */ = {isa = PBXFileReference; lastKnownFileType = sourcecode.swift; path = UIViewControllerExtention.swift; sourceTree = "<group>"; };
		A14803C428C8CF9900FF9A76 /* SignUpViewController.swift */ = {isa = PBXFileReference; lastKnownFileType = sourcecode.swift; path = SignUpViewController.swift; sourceTree = "<group>"; };
		A14803C628C8CFA400FF9A76 /* SignUp.storyboard */ = {isa = PBXFileReference; lastKnownFileType = file.storyboard; path = SignUp.storyboard; sourceTree = "<group>"; };
		A14803C828C9372C00FF9A76 /* GoogleService-Info.plist */ = {isa = PBXFileReference; fileEncoding = 4; lastKnownFileType = text.plist.xml; name = "GoogleService-Info.plist"; path = "../../../../../../../Downloads/GoogleService-Info.plist"; sourceTree = "<group>"; };
		A190E04828CA5D050023D115 /* LoginPresenter.swift */ = {isa = PBXFileReference; lastKnownFileType = sourcecode.swift; path = LoginPresenter.swift; sourceTree = "<group>"; };
		A190E04B28CA6ADC0023D115 /* Home.storyboard */ = {isa = PBXFileReference; lastKnownFileType = file.storyboard; path = Home.storyboard; sourceTree = "<group>"; };
		A86737213FF5A7A870410BF1 /* Pods-SkyTalk.debug.xcconfig */ = {isa = PBXFileReference; includeInIndex = 1; lastKnownFileType = text.xcconfig; name = "Pods-SkyTalk.debug.xcconfig"; path = "Target Support Files/Pods-SkyTalk/Pods-SkyTalk.debug.xcconfig"; sourceTree = "<group>"; };
/* End PBXFileReference section */

/* Begin PBXFrameworksBuildPhase section */
		A148039528C8AF2200FF9A76 /* Frameworks */ = {
			isa = PBXFrameworksBuildPhase;
			buildActionMask = 2147483647;
			files = (
				EEDE7FB226504F7F19A54657 /* Pods_SkyTalk.framework in Frameworks */,
			);
			runOnlyForDeploymentPostprocessing = 0;
		};
/* End PBXFrameworksBuildPhase section */

/* Begin PBXGroup section */
		8A211B4AE0B9D38E58028E6A /* Frameworks */ = {
			isa = PBXGroup;
			children = (
				5CBB20BC0CAB89088897E74E /* Pods_SkyTalk.framework */,
			);
			name = Frameworks;
			sourceTree = "<group>";
		};
		8BAED7D90E24F6B80D94716E /* Pods */ = {
			isa = PBXGroup;
			children = (
				A86737213FF5A7A870410BF1 /* Pods-SkyTalk.debug.xcconfig */,
				21F14B2F2916ABF614F666E0 /* Pods-SkyTalk.release.xcconfig */,
			);
			path = Pods;
			sourceTree = "<group>";
		};
		A148038F28C8AF2200FF9A76 = {
			isa = PBXGroup;
			children = (
				A148039A28C8AF2200FF9A76 /* SkyTalk */,
				A148039928C8AF2200FF9A76 /* Products */,
				8BAED7D90E24F6B80D94716E /* Pods */,
				8A211B4AE0B9D38E58028E6A /* Frameworks */,
			);
			sourceTree = "<group>";
		};
		A148039928C8AF2200FF9A76 /* Products */ = {
			isa = PBXGroup;
			children = (
				A148039828C8AF2200FF9A76 /* SkyTalk.app */,
			);
			name = Products;
			sourceTree = "<group>";
		};
		A148039A28C8AF2200FF9A76 /* SkyTalk */ = {
			isa = PBXGroup;
			children = (
				A190E03728CA36CB0023D115 /* Services */,
				A190E03828CA36DA0023D115 /* Models */,
				A190E03928CA36E20023D115 /* Scences */,
				A14803BE28C8C7B600FF9A76 /* Extentions */,
				A148039B28C8AF2200FF9A76 /* AppDelegate.swift */,
				A148039D28C8AF2200FF9A76 /* SceneDelegate.swift */,
				A14803A428C8AF2B00FF9A76 /* Assets.xcassets */,
				A14803A628C8AF2B00FF9A76 /* LaunchScreen.storyboard */,
				A14803A928C8AF2B00FF9A76 /* Info.plist */,
				A14803C828C9372C00FF9A76 /* GoogleService-Info.plist */,
			);
			path = SkyTalk;
			sourceTree = "<group>";
		};
		A14803AF28C8B04900FF9A76 /* Login */ = {
			isa = PBXGroup;
			children = (
				A190E04028CA37A80023D115 /* Presenter */,
				A190E04128CA37B00023D115 /* View */,
			);
			path = Login;
			sourceTree = "<group>";
		};
		A14803B428C8BABA00FF9A76 /* Initial */ = {
			isa = PBXGroup;
			children = (
				A190E04228CA37D50023D115 /* Presenter */,
				A190E04328CA37DC0023D115 /* View */,
			);
			path = Initial;
			sourceTree = "<group>";
		};
		A14803BD28C8C70500FF9A76 /* Presenter */ = {
			isa = PBXGroup;
			children = (
			);
			path = Presenter;
			sourceTree = "<group>";
		};
		A14803BE28C8C7B600FF9A76 /* Extentions */ = {
			isa = PBXGroup;
			children = (
				A14803BF28C8C7D100FF9A76 /* UiViewExtention.swift */,
				A14803C128C8C8E100FF9A76 /* UIViewControllerExtention.swift */,
			);
			path = Extentions;
			sourceTree = "<group>";
		};
		A14803C328C8CF6700FF9A76 /* SignUp */ = {
			isa = PBXGroup;
			children = (
				A14803BD28C8C70500FF9A76 /* Presenter */,
				A190E03D28CA375C0023D115 /* View */,
			);
			path = SignUp;
			sourceTree = "<group>";
		};
		A190E03728CA36CB0023D115 /* Services */ = {
			isa = PBXGroup;
			children = (
				A190E03A28CA37160023D115 /* Networking */,
			);
			path = Services;
			sourceTree = "<group>";
		};
		A190E03828CA36DA0023D115 /* Models */ = {
			isa = PBXGroup;
			children = (
			);
			path = Models;
			sourceTree = "<group>";
		};
		A190E03928CA36E20023D115 /* Scences */ = {
			isa = PBXGroup;
			children = (
				A190E04A28CA6AA70023D115 /* Home */,
				A14803B428C8BABA00FF9A76 /* Initial */,
				A14803C328C8CF6700FF9A76 /* SignUp */,
				A14803AF28C8B04900FF9A76 /* Login */,
			);
			path = Scences;
			sourceTree = "<group>";
		};
		A190E03A28CA37160023D115 /* Networking */ = {
			isa = PBXGroup;
			children = (
			);
			path = Networking;
			sourceTree = "<group>";
		};
		A190E03D28CA375C0023D115 /* View */ = {
			isa = PBXGroup;
			children = (
				A14803C428C8CF9900FF9A76 /* SignUpViewController.swift */,
				A14803C628C8CFA400FF9A76 /* SignUp.storyboard */,
			);
			path = View;
			sourceTree = "<group>";
		};
		A190E04028CA37A80023D115 /* Presenter */ = {
			isa = PBXGroup;
			children = (
				A190E04828CA5D050023D115 /* LoginPresenter.swift */,
			);
			path = Presenter;
			sourceTree = "<group>";
		};
		A190E04128CA37B00023D115 /* View */ = {
			isa = PBXGroup;
			children = (
				A14803B228C8B0B200FF9A76 /* LoginViewController.swift */,
				A14803BB28C8BC9200FF9A76 /* Login.storyboard */,
			);
			path = View;
			sourceTree = "<group>";
		};
		A190E04228CA37D50023D115 /* Presenter */ = {
			isa = PBXGroup;
			children = (
			);
			path = Presenter;
			sourceTree = "<group>";
		};
		A190E04328CA37DC0023D115 /* View */ = {
			isa = PBXGroup;
			children = (
				A14803B528C8BAD100FF9A76 /* InitialViewController.swift */,
				A14803B928C8BB7300FF9A76 /* Initial.storyboard */,
			);
			path = View;
			sourceTree = "<group>";
		};
		A190E04A28CA6AA70023D115 /* Home */ = {
			isa = PBXGroup;
			children = (
				A190E04B28CA6ADC0023D115 /* Home.storyboard */,
			);
			path = Home;
			sourceTree = "<group>";
		};
/* End PBXGroup section */

/* Begin PBXNativeTarget section */
		A148039728C8AF2200FF9A76 /* SkyTalk */ = {
			isa = PBXNativeTarget;
			buildConfigurationList = A14803AC28C8AF2B00FF9A76 /* Build configuration list for PBXNativeTarget "SkyTalk" */;
			buildPhases = (
				E34FBCE17F5BEDDFFAB171DB /* [CP] Check Pods Manifest.lock */,
				A148039428C8AF2200FF9A76 /* Sources */,
				A148039528C8AF2200FF9A76 /* Frameworks */,
				A148039628C8AF2200FF9A76 /* Resources */,
				8509BF7A9E17CC586B9F1D9F /* [CP] Embed Pods Frameworks */,
			);
			buildRules = (
			);
			dependencies = (
			);
			name = SkyTalk;
			productName = SkyTalk;
			productReference = A148039828C8AF2200FF9A76 /* SkyTalk.app */;
			productType = "com.apple.product-type.application";
		};
/* End PBXNativeTarget section */

/* Begin PBXProject section */
		A148039028C8AF2200FF9A76 /* Project object */ = {
			isa = PBXProject;
			attributes = {
				BuildIndependentTargetsInParallel = 1;
				LastSwiftUpdateCheck = 1340;
				LastUpgradeCheck = 1340;
				TargetAttributes = {
					A148039728C8AF2200FF9A76 = {
						CreatedOnToolsVersion = 13.4.1;
					};
				};
			};
			buildConfigurationList = A148039328C8AF2200FF9A76 /* Build configuration list for PBXProject "SkyTalk" */;
			compatibilityVersion = "Xcode 13.0";
			developmentRegion = en;
			hasScannedForEncodings = 0;
			knownRegions = (
				en,
				Base,
			);
			mainGroup = A148038F28C8AF2200FF9A76;
			productRefGroup = A148039928C8AF2200FF9A76 /* Products */;
			projectDirPath = "";
			projectRoot = "";
			targets = (
				A148039728C8AF2200FF9A76 /* SkyTalk */,
			);
		};
/* End PBXProject section */

/* Begin PBXResourcesBuildPhase section */
		A148039628C8AF2200FF9A76 /* Resources */ = {
			isa = PBXResourcesBuildPhase;
			buildActionMask = 2147483647;
			files = (
				A190E04C28CA6ADC0023D115 /* Home.storyboard in Resources */,
				A14803BC28C8BC9200FF9A76 /* Login.storyboard in Resources */,
				A14803A828C8AF2B00FF9A76 /* LaunchScreen.storyboard in Resources */,
				A14803C928C9372C00FF9A76 /* GoogleService-Info.plist in Resources */,
				A14803A528C8AF2B00FF9A76 /* Assets.xcassets in Resources */,
				A14803BA28C8BB7300FF9A76 /* Initial.storyboard in Resources */,
				A14803C728C8CFA400FF9A76 /* SignUp.storyboard in Resources */,
			);
			runOnlyForDeploymentPostprocessing = 0;
		};
/* End PBXResourcesBuildPhase section */

/* Begin PBXShellScriptBuildPhase section */
		8509BF7A9E17CC586B9F1D9F /* [CP] Embed Pods Frameworks */ = {
			isa = PBXShellScriptBuildPhase;
			buildActionMask = 2147483647;
			files = (
			);
			inputFileListPaths = (
				"${PODS_ROOT}/Target Support Files/Pods-SkyTalk/Pods-SkyTalk-frameworks-${CONFIGURATION}-input-files.xcfilelist",
			);
			name = "[CP] Embed Pods Frameworks";
			outputFileListPaths = (
				"${PODS_ROOT}/Target Support Files/Pods-SkyTalk/Pods-SkyTalk-frameworks-${CONFIGURATION}-output-files.xcfilelist",
			);
			runOnlyForDeploymentPostprocessing = 0;
			shellPath = /bin/sh;
			shellScript = "\"${PODS_ROOT}/Target Support Files/Pods-SkyTalk/Pods-SkyTalk-frameworks.sh\"\n";
			showEnvVarsInLog = 0;
		};
		E34FBCE17F5BEDDFFAB171DB /* [CP] Check Pods Manifest.lock */ = {
			isa = PBXShellScriptBuildPhase;
			buildActionMask = 2147483647;
			files = (
			);
			inputFileListPaths = (
			);
			inputPaths = (
				"${PODS_PODFILE_DIR_PATH}/Podfile.lock",
				"${PODS_ROOT}/Manifest.lock",
			);
			name = "[CP] Check Pods Manifest.lock";
			outputFileListPaths = (
			);
			outputPaths = (
				"$(DERIVED_FILE_DIR)/Pods-SkyTalk-checkManifestLockResult.txt",
			);
			runOnlyForDeploymentPostprocessing = 0;
			shellPath = /bin/sh;
			shellScript = "diff \"${PODS_PODFILE_DIR_PATH}/Podfile.lock\" \"${PODS_ROOT}/Manifest.lock\" > /dev/null\nif [ $? != 0 ] ; then\n    # print error to STDERR\n    echo \"error: The sandbox is not in sync with the Podfile.lock. Run 'pod install' or update your CocoaPods installation.\" >&2\n    exit 1\nfi\n# This output is used by Xcode 'outputs' to avoid re-running this script phase.\necho \"SUCCESS\" > \"${SCRIPT_OUTPUT_FILE_0}\"\n";
			showEnvVarsInLog = 0;
		};
/* End PBXShellScriptBuildPhase section */

/* Begin PBXSourcesBuildPhase section */
		A148039428C8AF2200FF9A76 /* Sources */ = {
			isa = PBXSourcesBuildPhase;
			buildActionMask = 2147483647;
			files = (
				A14803B328C8B0B200FF9A76 /* LoginViewController.swift in Sources */,
				A14803C528C8CF9900FF9A76 /* SignUpViewController.swift in Sources */,
				A148039C28C8AF2200FF9A76 /* AppDelegate.swift in Sources */,
				A190E04928CA5D050023D115 /* LoginPresenter.swift in Sources */,
				A148039E28C8AF2200FF9A76 /* SceneDelegate.swift in Sources */,
				A14803B628C8BAD100FF9A76 /* InitialViewController.swift in Sources */,
				A14803C028C8C7D100FF9A76 /* UiViewExtention.swift in Sources */,
				A14803C228C8C8E100FF9A76 /* UIViewControllerExtention.swift in Sources */,
			);
			runOnlyForDeploymentPostprocessing = 0;
		};
/* End PBXSourcesBuildPhase section */

/* Begin PBXVariantGroup section */
		A14803A628C8AF2B00FF9A76 /* LaunchScreen.storyboard */ = {
			isa = PBXVariantGroup;
			children = (
				A14803A728C8AF2B00FF9A76 /* Base */,
			);
			name = LaunchScreen.storyboard;
			sourceTree = "<group>";
		};
/* End PBXVariantGroup section */

/* Begin XCBuildConfiguration section */
		A14803AA28C8AF2B00FF9A76 /* Debug */ = {
			isa = XCBuildConfiguration;
			buildSettings = {
				ALWAYS_SEARCH_USER_PATHS = NO;
				CLANG_ANALYZER_NONNULL = YES;
				CLANG_ANALYZER_NUMBER_OBJECT_CONVERSION = YES_AGGRESSIVE;
				CLANG_CXX_LANGUAGE_STANDARD = "gnu++17";
				CLANG_ENABLE_MODULES = YES;
				CLANG_ENABLE_OBJC_ARC = YES;
				CLANG_ENABLE_OBJC_WEAK = YES;
				CLANG_WARN_BLOCK_CAPTURE_AUTORELEASING = YES;
				CLANG_WARN_BOOL_CONVERSION = YES;
				CLANG_WARN_COMMA = YES;
				CLANG_WARN_CONSTANT_CONVERSION = YES;
				CLANG_WARN_DEPRECATED_OBJC_IMPLEMENTATIONS = YES;
				CLANG_WARN_DIRECT_OBJC_ISA_USAGE = YES_ERROR;
				CLANG_WARN_DOCUMENTATION_COMMENTS = YES;
				CLANG_WARN_EMPTY_BODY = YES;
				CLANG_WARN_ENUM_CONVERSION = YES;
				CLANG_WARN_INFINITE_RECURSION = YES;
				CLANG_WARN_INT_CONVERSION = YES;
				CLANG_WARN_NON_LITERAL_NULL_CONVERSION = YES;
				CLANG_WARN_OBJC_IMPLICIT_RETAIN_SELF = YES;
				CLANG_WARN_OBJC_LITERAL_CONVERSION = YES;
				CLANG_WARN_OBJC_ROOT_CLASS = YES_ERROR;
				CLANG_WARN_QUOTED_INCLUDE_IN_FRAMEWORK_HEADER = YES;
				CLANG_WARN_RANGE_LOOP_ANALYSIS = YES;
				CLANG_WARN_STRICT_PROTOTYPES = YES;
				CLANG_WARN_SUSPICIOUS_MOVE = YES;
				CLANG_WARN_UNGUARDED_AVAILABILITY = YES_AGGRESSIVE;
				CLANG_WARN_UNREACHABLE_CODE = YES;
				CLANG_WARN__DUPLICATE_METHOD_MATCH = YES;
				COPY_PHASE_STRIP = NO;
				DEBUG_INFORMATION_FORMAT = dwarf;
				ENABLE_STRICT_OBJC_MSGSEND = YES;
				ENABLE_TESTABILITY = YES;
				GCC_C_LANGUAGE_STANDARD = gnu11;
				GCC_DYNAMIC_NO_PIC = NO;
				GCC_NO_COMMON_BLOCKS = YES;
				GCC_OPTIMIZATION_LEVEL = 0;
				GCC_PREPROCESSOR_DEFINITIONS = (
					"DEBUG=1",
					"$(inherited)",
				);
				GCC_WARN_64_TO_32_BIT_CONVERSION = YES;
				GCC_WARN_ABOUT_RETURN_TYPE = YES_ERROR;
				GCC_WARN_UNDECLARED_SELECTOR = YES;
				GCC_WARN_UNINITIALIZED_AUTOS = YES_AGGRESSIVE;
				GCC_WARN_UNUSED_FUNCTION = YES;
				GCC_WARN_UNUSED_VARIABLE = YES;
				IPHONEOS_DEPLOYMENT_TARGET = 15.5;
				MTL_ENABLE_DEBUG_INFO = INCLUDE_SOURCE;
				MTL_FAST_MATH = YES;
				ONLY_ACTIVE_ARCH = YES;
				SDKROOT = iphoneos;
				SWIFT_ACTIVE_COMPILATION_CONDITIONS = DEBUG;
				SWIFT_OPTIMIZATION_LEVEL = "-Onone";
			};
			name = Debug;
		};
		A14803AB28C8AF2B00FF9A76 /* Release */ = {
			isa = XCBuildConfiguration;
			buildSettings = {
				ALWAYS_SEARCH_USER_PATHS = NO;
				CLANG_ANALYZER_NONNULL = YES;
				CLANG_ANALYZER_NUMBER_OBJECT_CONVERSION = YES_AGGRESSIVE;
				CLANG_CXX_LANGUAGE_STANDARD = "gnu++17";
				CLANG_ENABLE_MODULES = YES;
				CLANG_ENABLE_OBJC_ARC = YES;
				CLANG_ENABLE_OBJC_WEAK = YES;
				CLANG_WARN_BLOCK_CAPTURE_AUTORELEASING = YES;
				CLANG_WARN_BOOL_CONVERSION = YES;
				CLANG_WARN_COMMA = YES;
				CLANG_WARN_CONSTANT_CONVERSION = YES;
				CLANG_WARN_DEPRECATED_OBJC_IMPLEMENTATIONS = YES;
				CLANG_WARN_DIRECT_OBJC_ISA_USAGE = YES_ERROR;
				CLANG_WARN_DOCUMENTATION_COMMENTS = YES;
				CLANG_WARN_EMPTY_BODY = YES;
				CLANG_WARN_ENUM_CONVERSION = YES;
				CLANG_WARN_INFINITE_RECURSION = YES;
				CLANG_WARN_INT_CONVERSION = YES;
				CLANG_WARN_NON_LITERAL_NULL_CONVERSION = YES;
				CLANG_WARN_OBJC_IMPLICIT_RETAIN_SELF = YES;
				CLANG_WARN_OBJC_LITERAL_CONVERSION = YES;
				CLANG_WARN_OBJC_ROOT_CLASS = YES_ERROR;
				CLANG_WARN_QUOTED_INCLUDE_IN_FRAMEWORK_HEADER = YES;
				CLANG_WARN_RANGE_LOOP_ANALYSIS = YES;
				CLANG_WARN_STRICT_PROTOTYPES = YES;
				CLANG_WARN_SUSPICIOUS_MOVE = YES;
				CLANG_WARN_UNGUARDED_AVAILABILITY = YES_AGGRESSIVE;
				CLANG_WARN_UNREACHABLE_CODE = YES;
				CLANG_WARN__DUPLICATE_METHOD_MATCH = YES;
				COPY_PHASE_STRIP = NO;
				DEBUG_INFORMATION_FORMAT = "dwarf-with-dsym";
				ENABLE_NS_ASSERTIONS = NO;
				ENABLE_STRICT_OBJC_MSGSEND = YES;
				GCC_C_LANGUAGE_STANDARD = gnu11;
				GCC_NO_COMMON_BLOCKS = YES;
				GCC_WARN_64_TO_32_BIT_CONVERSION = YES;
				GCC_WARN_ABOUT_RETURN_TYPE = YES_ERROR;
				GCC_WARN_UNDECLARED_SELECTOR = YES;
				GCC_WARN_UNINITIALIZED_AUTOS = YES_AGGRESSIVE;
				GCC_WARN_UNUSED_FUNCTION = YES;
				GCC_WARN_UNUSED_VARIABLE = YES;
				IPHONEOS_DEPLOYMENT_TARGET = 15.5;
				MTL_ENABLE_DEBUG_INFO = NO;
				MTL_FAST_MATH = YES;
				SDKROOT = iphoneos;
				SWIFT_COMPILATION_MODE = wholemodule;
				SWIFT_OPTIMIZATION_LEVEL = "-O";
				VALIDATE_PRODUCT = YES;
			};
			name = Release;
		};
		A14803AD28C8AF2B00FF9A76 /* Debug */ = {
			isa = XCBuildConfiguration;
			baseConfigurationReference = A86737213FF5A7A870410BF1 /* Pods-SkyTalk.debug.xcconfig */;
			buildSettings = {
				ASSETCATALOG_COMPILER_APPICON_NAME = AppIcon;
				ASSETCATALOG_COMPILER_GLOBAL_ACCENT_COLOR_NAME = AccentColor;
				CODE_SIGN_STYLE = Automatic;
				CURRENT_PROJECT_VERSION = 1;
				DEVELOPMENT_TEAM = KSQAVXV66T;
				GENERATE_INFOPLIST_FILE = YES;
				INFOPLIST_FILE = SkyTalk/Info.plist;
				INFOPLIST_KEY_UIApplicationSupportsIndirectInputEvents = YES;
				INFOPLIST_KEY_UILaunchStoryboardName = LaunchScreen;
				INFOPLIST_KEY_UIMainStoryboardFile = Initial;
				INFOPLIST_KEY_UISupportedInterfaceOrientations_iPad = "UIInterfaceOrientationPortrait UIInterfaceOrientationPortraitUpsideDown UIInterfaceOrientationLandscapeLeft UIInterfaceOrientationLandscapeRight";
				INFOPLIST_KEY_UISupportedInterfaceOrientations_iPhone = "UIInterfaceOrientationPortrait UIInterfaceOrientationLandscapeLeft UIInterfaceOrientationLandscapeRight";
				LD_RUNPATH_SEARCH_PATHS = (
					"$(inherited)",
					"@executable_path/Frameworks",
				);
				MARKETING_VERSION = 1.0;
				PRODUCT_BUNDLE_IDENTIFIER = youssefedeeb.SkyTalk;
				PRODUCT_NAME = "$(TARGET_NAME)";
				SWIFT_EMIT_LOC_STRINGS = YES;
				SWIFT_VERSION = 5.0;
				TARGETED_DEVICE_FAMILY = "1,2";
			};
			name = Debug;
		};
		A14803AE28C8AF2B00FF9A76 /* Release */ = {
			isa = XCBuildConfiguration;
			baseConfigurationReference = 21F14B2F2916ABF614F666E0 /* Pods-SkyTalk.release.xcconfig */;
			buildSettings = {
				ASSETCATALOG_COMPILER_APPICON_NAME = AppIcon;
				ASSETCATALOG_COMPILER_GLOBAL_ACCENT_COLOR_NAME = AccentColor;
				CODE_SIGN_STYLE = Automatic;
				CURRENT_PROJECT_VERSION = 1;
				DEVELOPMENT_TEAM = KSQAVXV66T;
				GENERATE_INFOPLIST_FILE = YES;
				INFOPLIST_FILE = SkyTalk/Info.plist;
				INFOPLIST_KEY_UIApplicationSupportsIndirectInputEvents = YES;
				INFOPLIST_KEY_UILaunchStoryboardName = LaunchScreen;
				INFOPLIST_KEY_UIMainStoryboardFile = Initial;
				INFOPLIST_KEY_UISupportedInterfaceOrientations_iPad = "UIInterfaceOrientationPortrait UIInterfaceOrientationPortraitUpsideDown UIInterfaceOrientationLandscapeLeft UIInterfaceOrientationLandscapeRight";
				INFOPLIST_KEY_UISupportedInterfaceOrientations_iPhone = "UIInterfaceOrientationPortrait UIInterfaceOrientationLandscapeLeft UIInterfaceOrientationLandscapeRight";
				LD_RUNPATH_SEARCH_PATHS = (
					"$(inherited)",
					"@executable_path/Frameworks",
				);
				MARKETING_VERSION = 1.0;
				PRODUCT_BUNDLE_IDENTIFIER = youssefedeeb.SkyTalk;
				PRODUCT_NAME = "$(TARGET_NAME)";
				SWIFT_EMIT_LOC_STRINGS = YES;
				SWIFT_VERSION = 5.0;
				TARGETED_DEVICE_FAMILY = "1,2";
			};
			name = Release;
		};
/* End XCBuildConfiguration section */

/* Begin XCConfigurationList section */
		A148039328C8AF2200FF9A76 /* Build configuration list for PBXProject "SkyTalk" */ = {
			isa = XCConfigurationList;
			buildConfigurations = (
				A14803AA28C8AF2B00FF9A76 /* Debug */,
				A14803AB28C8AF2B00FF9A76 /* Release */,
			);
			defaultConfigurationIsVisible = 0;
			defaultConfigurationName = Release;
		};
		A14803AC28C8AF2B00FF9A76 /* Build configuration list for PBXNativeTarget "SkyTalk" */ = {
			isa = XCConfigurationList;
			buildConfigurations = (
				A14803AD28C8AF2B00FF9A76 /* Debug */,
				A14803AE28C8AF2B00FF9A76 /* Release */,
			);
			defaultConfigurationIsVisible = 0;
			defaultConfigurationName = Release;
		};
/* End XCConfigurationList section */
	};
	rootObject = A148039028C8AF2200FF9A76 /* Project object */;
}
